
Microsoft Visual Studio Solution File, Format Version 12.00
# Visual Studio Version 17
VisualStudioVersion = 17.1.32328.378
MinimumVisualStudioVersion = 10.0.40219.1
Project("{2150E333-8FDC-42A3-9474-1A3956D46DE8}") = "Solution Items", "Solution Items", "{76ED81C0-6471-4F3A-9F12-E60D3BCD0197}"
	ProjectSection(SolutionItems) = preProject
		.editorconfig = .editorconfig
		HamsterWarsV2API.postman_collection.json = HamsterWarsV2API.postman_collection.json
		Projektdagbok.txt = Projektdagbok.txt
		README.md = README.md
	EndProjectSection
EndProject
Project("{9A19103F-16F7-4668-BE54-9A1E7A4F7556}") = "Repo.Contracts", "Contracts\Repo.Contracts.csproj", "{1DBD3637-8380-4F2F-8AAA-E78AA1CDBE1F}"
EndProject
Project("{9A19103F-16F7-4668-BE54-9A1E7A4F7556}") = "LoggerService", "LoggerService\LoggerService.csproj", "{F954F723-7564-416D-9B8A-95953734D5DF}"
EndProject
Project("{2150E333-8FDC-42A3-9474-1A3956D46DE8}") = "Core", "Core", "{F362009C-CDFD-403F-A9F1-BF1793E8CC49}"
EndProject
Project("{2150E333-8FDC-42A3-9474-1A3956D46DE8}") = "Infrastructure", "Infrastructure", "{15955C49-8207-4D71-A306-564F4C67B625}"
EndProject
Project("{2150E333-8FDC-42A3-9474-1A3956D46DE8}") = "Presentation", "Presentation", "{6A296A56-2A5E-4F32-B65E-4608A7D516DF}"
EndProject
Project("{2150E333-8FDC-42A3-9474-1A3956D46DE8}") = "Service", "Service", "{03812E5E-74F8-4BEE-83EE-4F950E7DC95B}"
EndProject
Project("{9A19103F-16F7-4668-BE54-9A1E7A4F7556}") = "Domain", "Domain\Domain.csproj", "{D693501D-97F0-4474-94A1-F4E6F42FF48C}"
EndProject
Project("{9A19103F-16F7-4668-BE54-9A1E7A4F7556}") = "Repository", "Repository\Repository.csproj", "{33A907D1-967B-4B0D-A59F-ACB80124D1BF}"
EndProject
Project("{9A19103F-16F7-4668-BE54-9A1E7A4F7556}") = "Service.Contracts", "Service.Contracts\Service.Contracts.csproj", "{6CB8C120-04BC-4987-BD56-F113769B886F}"
EndProject
Project("{9A19103F-16F7-4668-BE54-9A1E7A4F7556}") = "Services", "Services\Services.csproj", "{6CF898F3-D2ED-441B-9CE0-9D0B4092A660}"
EndProject
Project("{9A19103F-16F7-4668-BE54-9A1E7A4F7556}") = "Shared", "Shared\Shared.csproj", "{11DDD7E4-C17B-41BF-8F23-10B45E060E4C}"
EndProject
Project("{2150E333-8FDC-42A3-9474-1A3956D46DE8}") = "Contracts", "Contracts", "{74BEE8F9-6171-490A-B0F7-99D4B15F82F8}"
EndProject
Project("{9A19103F-16F7-4668-BE54-9A1E7A4F7556}") = "HamsterWarsAPI", "HamsterWarsAPI\HamsterWarsAPI.csproj", "{31845CD4-A0AC-49E5-A2AE-BEEDBA27502B}"
EndProject
Project("{9A19103F-16F7-4668-BE54-9A1E7A4F7556}") = "HamsterWarsBlazorUI", "HamsterWarsBlazorUI\HamsterWarsBlazorUI.csproj", "{935768B9-9389-49DE-84AC-E92284EA9539}"
EndProject
Project("{9A19103F-16F7-4668-BE54-9A1E7A4F7556}") = "HamsterWarsAPIController", "HamsterWarsAPIController\HamsterWarsAPIController.csproj", "{1745D012-B82C-4B27-AE7E-E313394F2203}"
EndProject
Project("{2150E333-8FDC-42A3-9474-1A3956D46DE8}") = "HamsterWarsXamarin", "HamsterWarsXamarin", "{E4843CAE-8544-4AEC-BFC5-6D568A0F6079}"
EndProject
Project("{FAE04EC0-301F-11D3-BF4B-00C04F79EFBC}") = "HamsterWarsXamarinUI.Android", "HamsterWarsXamarinUI\HamsterWarsXamarinUI.Android\HamsterWarsXamarinUI.Android.csproj", "{9244ACD1-F0E0-48E2-B7CF-91DCA205112F}"
EndProject
Project("{FAE04EC0-301F-11D3-BF4B-00C04F79EFBC}") = "HamsterWarsXamarinUI.iOS", "HamsterWarsXamarinUI\HamsterWarsXamarinUI.iOS\HamsterWarsXamarinUI.iOS.csproj", "{4122A62A-B236-4A45-90C7-2158126E6A26}"
EndProject
Project("{FAE04EC0-301F-11D3-BF4B-00C04F79EFBC}") = "HamsterWarsXamarinUI", "HamsterWarsXamarinUI\HamsterWarsXamarinUI\HamsterWarsXamarinUI.csproj", "{10BF1D2D-9470-4925-886F-37581C057392}"
EndProject
Global
	GlobalSection(SolutionConfigurationPlatforms) = preSolution
		Debug|Any CPU = Debug|Any CPU
		Debug|iPhone = Debug|iPhone
		Debug|iPhoneSimulator = Debug|iPhoneSimulator
		Release|Any CPU = Release|Any CPU
		Release|iPhone = Release|iPhone
		Release|iPhoneSimulator = Release|iPhoneSimulator
	EndGlobalSection
	GlobalSection(ProjectConfigurationPlatforms) = postSolution
		{1DBD3637-8380-4F2F-8AAA-E78AA1CDBE1F}.Debug|Any CPU.ActiveCfg = Debug|Any CPU
		{1DBD3637-8380-4F2F-8AAA-E78AA1CDBE1F}.Debug|Any CPU.Build.0 = Debug|Any CPU
		{1DBD3637-8380-4F2F-8AAA-E78AA1CDBE1F}.Debug|iPhone.ActiveCfg = Debug|Any CPU
		{1DBD3637-8380-4F2F-8AAA-E78AA1CDBE1F}.Debug|iPhone.Build.0 = Debug|Any CPU
		{1DBD3637-8380-4F2F-8AAA-E78AA1CDBE1F}.Debug|iPhoneSimulator.ActiveCfg = Debug|Any CPU
		{1DBD3637-8380-4F2F-8AAA-E78AA1CDBE1F}.Debug|iPhoneSimulator.Build.0 = Debug|Any CPU
		{1DBD3637-8380-4F2F-8AAA-E78AA1CDBE1F}.Release|Any CPU.ActiveCfg = Release|Any CPU
		{1DBD3637-8380-4F2F-8AAA-E78AA1CDBE1F}.Release|Any CPU.Build.0 = Release|Any CPU
		{1DBD3637-8380-4F2F-8AAA-E78AA1CDBE1F}.Release|iPhone.ActiveCfg = Release|Any CPU
		{1DBD3637-8380-4F2F-8AAA-E78AA1CDBE1F}.Release|iPhone.Build.0 = Release|Any CPU
		{1DBD3637-8380-4F2F-8AAA-E78AA1CDBE1F}.Release|iPhoneSimulator.ActiveCfg = Release|Any CPU
		{1DBD3637-8380-4F2F-8AAA-E78AA1CDBE1F}.Release|iPhoneSimulator.Build.0 = Release|Any CPU
		{F954F723-7564-416D-9B8A-95953734D5DF}.Debug|Any CPU.ActiveCfg = Debug|Any CPU
		{F954F723-7564-416D-9B8A-95953734D5DF}.Debug|Any CPU.Build.0 = Debug|Any CPU
		{F954F723-7564-416D-9B8A-95953734D5DF}.Debug|iPhone.ActiveCfg = Debug|Any CPU
		{F954F723-7564-416D-9B8A-95953734D5DF}.Debug|iPhone.Build.0 = Debug|Any CPU
		{F954F723-7564-416D-9B8A-95953734D5DF}.Debug|iPhoneSimulator.ActiveCfg = Debug|Any CPU
		{F954F723-7564-416D-9B8A-95953734D5DF}.Debug|iPhoneSimulator.Build.0 = Debug|Any CPU
		{F954F723-7564-416D-9B8A-95953734D5DF}.Release|Any CPU.ActiveCfg = Release|Any CPU
		{F954F723-7564-416D-9B8A-95953734D5DF}.Release|Any CPU.Build.0 = Release|Any CPU
		{F954F723-7564-416D-9B8A-95953734D5DF}.Release|iPhone.ActiveCfg = Release|Any CPU
		{F954F723-7564-416D-9B8A-95953734D5DF}.Release|iPhone.Build.0 = Release|Any CPU
		{F954F723-7564-416D-9B8A-95953734D5DF}.Release|iPhoneSimulator.ActiveCfg = Release|Any CPU
		{F954F723-7564-416D-9B8A-95953734D5DF}.Release|iPhoneSimulator.Build.0 = Release|Any CPU
		{D693501D-97F0-4474-94A1-F4E6F42FF48C}.Debug|Any CPU.ActiveCfg = Debug|Any CPU
		{D693501D-97F0-4474-94A1-F4E6F42FF48C}.Debug|Any CPU.Build.0 = Debug|Any CPU
		{D693501D-97F0-4474-94A1-F4E6F42FF48C}.Debug|iPhone.ActiveCfg = Debug|Any CPU
		{D693501D-97F0-4474-94A1-F4E6F42FF48C}.Debug|iPhone.Build.0 = Debug|Any CPU
		{D693501D-97F0-4474-94A1-F4E6F42FF48C}.Debug|iPhoneSimulator.ActiveCfg = Debug|Any CPU
		{D693501D-97F0-4474-94A1-F4E6F42FF48C}.Debug|iPhoneSimulator.Build.0 = Debug|Any CPU
		{D693501D-97F0-4474-94A1-F4E6F42FF48C}.Release|Any CPU.ActiveCfg = Release|Any CPU
		{D693501D-97F0-4474-94A1-F4E6F42FF48C}.Release|Any CPU.Build.0 = Release|Any CPU
		{D693501D-97F0-4474-94A1-F4E6F42FF48C}.Release|iPhone.ActiveCfg = Release|Any CPU
		{D693501D-97F0-4474-94A1-F4E6F42FF48C}.Release|iPhone.Build.0 = Release|Any CPU
		{D693501D-97F0-4474-94A1-F4E6F42FF48C}.Release|iPhoneSimulator.ActiveCfg = Release|Any CPU
		{D693501D-97F0-4474-94A1-F4E6F42FF48C}.Release|iPhoneSimulator.Build.0 = Release|Any CPU
		{33A907D1-967B-4B0D-A59F-ACB80124D1BF}.Debug|Any CPU.ActiveCfg = Debug|Any CPU
		{33A907D1-967B-4B0D-A59F-ACB80124D1BF}.Debug|Any CPU.Build.0 = Debug|Any CPU
		{33A907D1-967B-4B0D-A59F-ACB80124D1BF}.Debug|iPhone.ActiveCfg = Debug|Any CPU
		{33A907D1-967B-4B0D-A59F-ACB80124D1BF}.Debug|iPhone.Build.0 = Debug|Any CPU
		{33A907D1-967B-4B0D-A59F-ACB80124D1BF}.Debug|iPhoneSimulator.ActiveCfg = Debug|Any CPU
		{33A907D1-967B-4B0D-A59F-ACB80124D1BF}.Debug|iPhoneSimulator.Build.0 = Debug|Any CPU
		{33A907D1-967B-4B0D-A59F-ACB80124D1BF}.Release|Any CPU.ActiveCfg = Release|Any CPU
		{33A907D1-967B-4B0D-A59F-ACB80124D1BF}.Release|Any CPU.Build.0 = Release|Any CPU
		{33A907D1-967B-4B0D-A59F-ACB80124D1BF}.Release|iPhone.ActiveCfg = Release|Any CPU
		{33A907D1-967B-4B0D-A59F-ACB80124D1BF}.Release|iPhone.Build.0 = Release|Any CPU
		{33A907D1-967B-4B0D-A59F-ACB80124D1BF}.Release|iPhoneSimulator.ActiveCfg = Release|Any CPU
		{33A907D1-967B-4B0D-A59F-ACB80124D1BF}.Release|iPhoneSimulator.Build.0 = Release|Any CPU
		{6CB8C120-04BC-4987-BD56-F113769B886F}.Debug|Any CPU.ActiveCfg = Debug|Any CPU
		{6CB8C120-04BC-4987-BD56-F113769B886F}.Debug|Any CPU.Build.0 = Debug|Any CPU
		{6CB8C120-04BC-4987-BD56-F113769B886F}.Debug|iPhone.ActiveCfg = Debug|Any CPU
		{6CB8C120-04BC-4987-BD56-F113769B886F}.Debug|iPhone.Build.0 = Debug|Any CPU
		{6CB8C120-04BC-4987-BD56-F113769B886F}.Debug|iPhoneSimulator.ActiveCfg = Debug|Any CPU
		{6CB8C120-04BC-4987-BD56-F113769B886F}.Debug|iPhoneSimulator.Build.0 = Debug|Any CPU
		{6CB8C120-04BC-4987-BD56-F113769B886F}.Release|Any CPU.ActiveCfg = Release|Any CPU
		{6CB8C120-04BC-4987-BD56-F113769B886F}.Release|Any CPU.Build.0 = Release|Any CPU
		{6CB8C120-04BC-4987-BD56-F113769B886F}.Release|iPhone.ActiveCfg = Release|Any CPU
		{6CB8C120-04BC-4987-BD56-F113769B886F}.Release|iPhone.Build.0 = Release|Any CPU
		{6CB8C120-04BC-4987-BD56-F113769B886F}.Release|iPhoneSimulator.ActiveCfg = Release|Any CPU
		{6CB8C120-04BC-4987-BD56-F113769B886F}.Release|iPhoneSimulator.Build.0 = Release|Any CPU
		{6CF898F3-D2ED-441B-9CE0-9D0B4092A660}.Debug|Any CPU.ActiveCfg = Debug|Any CPU
		{6CF898F3-D2ED-441B-9CE0-9D0B4092A660}.Debug|Any CPU.Build.0 = Debug|Any CPU
		{6CF898F3-D2ED-441B-9CE0-9D0B4092A660}.Debug|iPhone.ActiveCfg = Debug|Any CPU
		{6CF898F3-D2ED-441B-9CE0-9D0B4092A660}.Debug|iPhone.Build.0 = Debug|Any CPU
		{6CF898F3-D2ED-441B-9CE0-9D0B4092A660}.Debug|iPhoneSimulator.ActiveCfg = Debug|Any CPU
		{6CF898F3-D2ED-441B-9CE0-9D0B4092A660}.Debug|iPhoneSimulator.Build.0 = Debug|Any CPU
		{6CF898F3-D2ED-441B-9CE0-9D0B4092A660}.Release|Any CPU.ActiveCfg = Release|Any CPU
		{6CF898F3-D2ED-441B-9CE0-9D0B4092A660}.Release|Any CPU.Build.0 = Release|Any CPU
		{6CF898F3-D2ED-441B-9CE0-9D0B4092A660}.Release|iPhone.ActiveCfg = Release|Any CPU
		{6CF898F3-D2ED-441B-9CE0-9D0B4092A660}.Release|iPhone.Build.0 = Release|Any CPU
		{6CF898F3-D2ED-441B-9CE0-9D0B4092A660}.Release|iPhoneSimulator.ActiveCfg = Release|Any CPU
		{6CF898F3-D2ED-441B-9CE0-9D0B4092A660}.Release|iPhoneSimulator.Build.0 = Release|Any CPU
		{11DDD7E4-C17B-41BF-8F23-10B45E060E4C}.Debug|Any CPU.ActiveCfg = Debug|Any CPU
		{11DDD7E4-C17B-41BF-8F23-10B45E060E4C}.Debug|Any CPU.Build.0 = Debug|Any CPU
		{11DDD7E4-C17B-41BF-8F23-10B45E060E4C}.Debug|iPhone.ActiveCfg = Debug|Any CPU
		{11DDD7E4-C17B-41BF-8F23-10B45E060E4C}.Debug|iPhone.Build.0 = Debug|Any CPU
		{11DDD7E4-C17B-41BF-8F23-10B45E060E4C}.Debug|iPhoneSimulator.ActiveCfg = Debug|Any CPU
		{11DDD7E4-C17B-41BF-8F23-10B45E060E4C}.Debug|iPhoneSimulator.Build.0 = Debug|Any CPU
		{11DDD7E4-C17B-41BF-8F23-10B45E060E4C}.Release|Any CPU.ActiveCfg = Release|Any CPU
		{11DDD7E4-C17B-41BF-8F23-10B45E060E4C}.Release|Any CPU.Build.0 = Release|Any CPU
		{11DDD7E4-C17B-41BF-8F23-10B45E060E4C}.Release|iPhone.ActiveCfg = Release|Any CPU
		{11DDD7E4-C17B-41BF-8F23-10B45E060E4C}.Release|iPhone.Build.0 = Release|Any CPU
		{11DDD7E4-C17B-41BF-8F23-10B45E060E4C}.Release|iPhoneSimulator.ActiveCfg = Release|Any CPU
		{11DDD7E4-C17B-41BF-8F23-10B45E060E4C}.Release|iPhoneSimulator.Build.0 = Release|Any CPU
		{31845CD4-A0AC-49E5-A2AE-BEEDBA27502B}.Debug|Any CPU.ActiveCfg = Debug|Any CPU
		{31845CD4-A0AC-49E5-A2AE-BEEDBA27502B}.Debug|Any CPU.Build.0 = Debug|Any CPU
		{31845CD4-A0AC-49E5-A2AE-BEEDBA27502B}.Debug|iPhone.ActiveCfg = Debug|Any CPU
		{31845CD4-A0AC-49E5-A2AE-BEEDBA27502B}.Debug|iPhone.Build.0 = Debug|Any CPU
		{31845CD4-A0AC-49E5-A2AE-BEEDBA27502B}.Debug|iPhoneSimulator.ActiveCfg = Debug|Any CPU
		{31845CD4-A0AC-49E5-A2AE-BEEDBA27502B}.Debug|iPhoneSimulator.Build.0 = Debug|Any CPU
		{31845CD4-A0AC-49E5-A2AE-BEEDBA27502B}.Release|Any CPU.ActiveCfg = Release|Any CPU
		{31845CD4-A0AC-49E5-A2AE-BEEDBA27502B}.Release|Any CPU.Build.0 = Release|Any CPU
		{31845CD4-A0AC-49E5-A2AE-BEEDBA27502B}.Release|iPhone.ActiveCfg = Release|Any CPU
		{31845CD4-A0AC-49E5-A2AE-BEEDBA27502B}.Release|iPhone.Build.0 = Release|Any CPU
		{31845CD4-A0AC-49E5-A2AE-BEEDBA27502B}.Release|iPhoneSimulator.ActiveCfg = Release|Any CPU
		{31845CD4-A0AC-49E5-A2AE-BEEDBA27502B}.Release|iPhoneSimulator.Build.0 = Release|Any CPU
		{935768B9-9389-49DE-84AC-E92284EA9539}.Debug|Any CPU.ActiveCfg = Debug|Any CPU
		{935768B9-9389-49DE-84AC-E92284EA9539}.Debug|Any CPU.Build.0 = Debug|Any CPU
		{935768B9-9389-49DE-84AC-E92284EA9539}.Debug|iPhone.ActiveCfg = Debug|Any CPU
		{935768B9-9389-49DE-84AC-E92284EA9539}.Debug|iPhone.Build.0 = Debug|Any CPU
		{935768B9-9389-49DE-84AC-E92284EA9539}.Debug|iPhoneSimulator.ActiveCfg = Debug|Any CPU
		{935768B9-9389-49DE-84AC-E92284EA9539}.Debug|iPhoneSimulator.Build.0 = Debug|Any CPU
		{935768B9-9389-49DE-84AC-E92284EA9539}.Release|Any CPU.ActiveCfg = Release|Any CPU
		{935768B9-9389-49DE-84AC-E92284EA9539}.Release|Any CPU.Build.0 = Release|Any CPU
		{935768B9-9389-49DE-84AC-E92284EA9539}.Release|iPhone.ActiveCfg = Release|Any CPU
		{935768B9-9389-49DE-84AC-E92284EA9539}.Release|iPhone.Build.0 = Release|Any CPU
		{935768B9-9389-49DE-84AC-E92284EA9539}.Release|iPhoneSimulator.ActiveCfg = Release|Any CPU
		{935768B9-9389-49DE-84AC-E92284EA9539}.Release|iPhoneSimulator.Build.0 = Release|Any CPU
		{1745D012-B82C-4B27-AE7E-E313394F2203}.Debug|Any CPU.ActiveCfg = Debug|Any CPU
		{1745D012-B82C-4B27-AE7E-E313394F2203}.Debug|Any CPU.Build.0 = Debug|Any CPU
		{1745D012-B82C-4B27-AE7E-E313394F2203}.Debug|iPhone.ActiveCfg = Debug|Any CPU
		{1745D012-B82C-4B27-AE7E-E313394F2203}.Debug|iPhone.Build.0 = Debug|Any CPU
		{1745D012-B82C-4B27-AE7E-E313394F2203}.Debug|iPhoneSimulator.ActiveCfg = Debug|Any CPU
		{1745D012-B82C-4B27-AE7E-E313394F2203}.Debug|iPhoneSimulator.Build.0 = Debug|Any CPU
		{1745D012-B82C-4B27-AE7E-E313394F2203}.Release|Any CPU.ActiveCfg = Release|Any CPU
		{1745D012-B82C-4B27-AE7E-E313394F2203}.Release|Any CPU.Build.0 = Release|Any CPU
		{1745D012-B82C-4B27-AE7E-E313394F2203}.Release|iPhone.ActiveCfg = Release|Any CPU
		{1745D012-B82C-4B27-AE7E-E313394F2203}.Release|iPhone.Build.0 = Release|Any CPU
		{1745D012-B82C-4B27-AE7E-E313394F2203}.Release|iPhoneSimulator.ActiveCfg = Release|Any CPU
		{1745D012-B82C-4B27-AE7E-E313394F2203}.Release|iPhoneSimulator.Build.0 = Release|Any CPU
		{9244ACD1-F0E0-48E2-B7CF-91DCA205112F}.Debug|Any CPU.ActiveCfg = Debug|Any CPU
		{9244ACD1-F0E0-48E2-B7CF-91DCA205112F}.Debug|Any CPU.Build.0 = Debug|Any CPU
		{9244ACD1-F0E0-48E2-B7CF-91DCA205112F}.Debug|Any CPU.Deploy.0 = Debug|Any CPU
		{9244ACD1-F0E0-48E2-B7CF-91DCA205112F}.Debug|iPhone.ActiveCfg = Debug|Any CPU
		{9244ACD1-F0E0-48E2-B7CF-91DCA205112F}.Debug|iPhone.Build.0 = Debug|Any CPU
		{9244ACD1-F0E0-48E2-B7CF-91DCA205112F}.Debug|iPhone.Deploy.0 = Debug|Any CPU
		{9244ACD1-F0E0-48E2-B7CF-91DCA205112F}.Debug|iPhoneSimulator.ActiveCfg = Debug|Any CPU
		{9244ACD1-F0E0-48E2-B7CF-91DCA205112F}.Debug|iPhoneSimulator.Build.0 = Debug|Any CPU
		{9244ACD1-F0E0-48E2-B7CF-91DCA205112F}.Debug|iPhoneSimulator.Deploy.0 = Debug|Any CPU
		{9244ACD1-F0E0-48E2-B7CF-91DCA205112F}.Release|Any CPU.ActiveCfg = Release|Any CPU
		{9244ACD1-F0E0-48E2-B7CF-91DCA205112F}.Release|Any CPU.Build.0 = Release|Any CPU
		{9244ACD1-F0E0-48E2-B7CF-91DCA205112F}.Release|Any CPU.Deploy.0 = Release|Any CPU
		{9244ACD1-F0E0-48E2-B7CF-91DCA205112F}.Release|iPhone.ActiveCfg = Release|Any CPU
		{9244ACD1-F0E0-48E2-B7CF-91DCA205112F}.Release|iPhone.Build.0 = Release|Any CPU
		{9244ACD1-F0E0-48E2-B7CF-91DCA205112F}.Release|iPhone.Deploy.0 = Release|Any CPU
		{9244ACD1-F0E0-48E2-B7CF-91DCA205112F}.Release|iPhoneSimulator.ActiveCfg = Release|Any CPU
		{9244ACD1-F0E0-48E2-B7CF-91DCA205112F}.Release|iPhoneSimulator.Build.0 = Release|Any CPU
		{9244ACD1-F0E0-48E2-B7CF-91DCA205112F}.Release|iPhoneSimulator.Deploy.0 = Release|Any CPU
		{4122A62A-B236-4A45-90C7-2158126E6A26}.Debug|Any CPU.ActiveCfg = Debug|iPhoneSimulator
		{4122A62A-B236-4A45-90C7-2158126E6A26}.Debug|Any CPU.Build.0 = Debug|iPhoneSimulator
		{4122A62A-B236-4A45-90C7-2158126E6A26}.Debug|iPhone.ActiveCfg = Debug|iPhone
		{4122A62A-B236-4A45-90C7-2158126E6A26}.Debug|iPhone.Build.0 = Debug|iPhone
		{4122A62A-B236-4A45-90C7-2158126E6A26}.Debug|iPhoneSimulator.ActiveCfg = Debug|iPhoneSimulator
		{4122A62A-B236-4A45-90C7-2158126E6A26}.Debug|iPhoneSimulator.Build.0 = Debug|iPhoneSimulator
		{4122A62A-B236-4A45-90C7-2158126E6A26}.Release|Any CPU.ActiveCfg = Release|iPhoneSimulator
		{4122A62A-B236-4A45-90C7-2158126E6A26}.Release|Any CPU.Build.0 = Release|iPhoneSimulator
		{4122A62A-B236-4A45-90C7-2158126E6A26}.Release|iPhone.ActiveCfg = Release|iPhone
		{4122A62A-B236-4A45-90C7-2158126E6A26}.Release|iPhone.Build.0 = Release|iPhone
		{4122A62A-B236-4A45-90C7-2158126E6A26}.Release|iPhoneSimulator.ActiveCfg = Release|iPhoneSimulator
		{4122A62A-B236-4A45-90C7-2158126E6A26}.Release|iPhoneSimulator.Build.0 = Release|iPhoneSimulator
		{10BF1D2D-9470-4925-886F-37581C057392}.Debug|Any CPU.ActiveCfg = Debug|Any CPU
		{10BF1D2D-9470-4925-886F-37581C057392}.Debug|Any CPU.Build.0 = Debug|Any CPU
		{10BF1D2D-9470-4925-886F-37581C057392}.Debug|iPhone.ActiveCfg = Debug|Any CPU
		{10BF1D2D-9470-4925-886F-37581C057392}.Debug|iPhone.Build.0 = Debug|Any CPU
		{10BF1D2D-9470-4925-886F-37581C057392}.Debug|iPhoneSimulator.ActiveCfg = Debug|Any CPU
		{10BF1D2D-9470-4925-886F-37581C057392}.Debug|iPhoneSimulator.Build.0 = Debug|Any CPU
		{10BF1D2D-9470-4925-886F-37581C057392}.Release|Any CPU.ActiveCfg = Release|Any CPU
		{10BF1D2D-9470-4925-886F-37581C057392}.Release|Any CPU.Build.0 = Release|Any CPU
		{10BF1D2D-9470-4925-886F-37581C057392}.Release|iPhone.ActiveCfg = Release|Any CPU
		{10BF1D2D-9470-4925-886F-37581C057392}.Release|iPhone.Build.0 = Release|Any CPU
		{10BF1D2D-9470-4925-886F-37581C057392}.Release|iPhoneSimulator.ActiveCfg = Release|Any CPU
		{10BF1D2D-9470-4925-886F-37581C057392}.Release|iPhoneSimulator.Build.0 = Release|Any CPU
	EndGlobalSection
	GlobalSection(SolutionProperties) = preSolution
		HideSolutionNode = FALSE
	EndGlobalSection
	GlobalSection(NestedProjects) = preSolution
		{1DBD3637-8380-4F2F-8AAA-E78AA1CDBE1F} = {74BEE8F9-6171-490A-B0F7-99D4B15F82F8}
		{F954F723-7564-416D-9B8A-95953734D5DF} = {03812E5E-74F8-4BEE-83EE-4F950E7DC95B}
		{D693501D-97F0-4474-94A1-F4E6F42FF48C} = {F362009C-CDFD-403F-A9F1-BF1793E8CC49}
		{33A907D1-967B-4B0D-A59F-ACB80124D1BF} = {15955C49-8207-4D71-A306-564F4C67B625}
		{6CB8C120-04BC-4987-BD56-F113769B886F} = {74BEE8F9-6171-490A-B0F7-99D4B15F82F8}
		{6CF898F3-D2ED-441B-9CE0-9D0B4092A660} = {03812E5E-74F8-4BEE-83EE-4F950E7DC95B}
		{11DDD7E4-C17B-41BF-8F23-10B45E060E4C} = {F362009C-CDFD-403F-A9F1-BF1793E8CC49}
		{74BEE8F9-6171-490A-B0F7-99D4B15F82F8} = {F362009C-CDFD-403F-A9F1-BF1793E8CC49}
		{31845CD4-A0AC-49E5-A2AE-BEEDBA27502B} = {6A296A56-2A5E-4F32-B65E-4608A7D516DF}
		{935768B9-9389-49DE-84AC-E92284EA9539} = {6A296A56-2A5E-4F32-B65E-4608A7D516DF}
		{1745D012-B82C-4B27-AE7E-E313394F2203} = {6A296A56-2A5E-4F32-B65E-4608A7D516DF}
		{E4843CAE-8544-4AEC-BFC5-6D568A0F6079} = {6A296A56-2A5E-4F32-B65E-4608A7D516DF}
		{9244ACD1-F0E0-48E2-B7CF-91DCA205112F} = {E4843CAE-8544-4AEC-BFC5-6D568A0F6079}
		{4122A62A-B236-4A45-90C7-2158126E6A26} = {E4843CAE-8544-4AEC-BFC5-6D568A0F6079}
		{10BF1D2D-9470-4925-886F-37581C057392} = {E4843CAE-8544-4AEC-BFC5-6D568A0F6079}
	EndGlobalSection
	GlobalSection(ExtensibilityGlobals) = postSolution
		SolutionGuid = {518A4CFA-1412-41FE-B499-656EFADD18D2}
	EndGlobalSection
EndGlobal
