
Microsoft Visual Studio Solution File, Format Version 12.00
# Visual Studio Version 17
VisualStudioVersion = 17.1.32328.378
MinimumVisualStudioVersion = 10.0.40219.1
Project("{9A19103F-16F7-4668-BE54-9A1E7A4F7556}") = "CompanyEmployees", "CompanyEmployees\CompanyEmployees.csproj", "{EC8076C5-A969-4A51-AB64-ADDFA9B67321}"
EndProject
Project("{2150E333-8FDC-42A3-9474-1A3956D46DE8}") = "Solution Items", "Solution Items", "{76ED81C0-6471-4F3A-9F12-E60D3BCD0197}"
	ProjectSection(SolutionItems) = preProject
		.editorconfig = .editorconfig
	EndProjectSection
EndProject
Project("{9A19103F-16F7-4668-BE54-9A1E7A4F7556}") = "Repo.Contracts", "Contracts\Repo.Contracts.csproj", "{1DBD3637-8380-4F2F-8AAA-E78AA1CDBE1F}"
EndProject
Project("{9A19103F-16F7-4668-BE54-9A1E7A4F7556}") = "LoggerService", "LoggerService\LoggerService.csproj", "{F954F723-7564-416D-9B8A-95953734D5DF}"
EndProject
Project("{2150E333-8FDC-42A3-9474-1A3956D46DE8}") = "Core", "Core", "{F362009C-CDFD-403F-A9F1-BF1793E8CC49}"
EndProject
Project("{2150E333-8FDC-42A3-9474-1A3956D46DE8}") = "Infrastructure", "Infrastructure", "{15955C49-8207-4D71-A306-564F4C67B625}"
EndProject
Project("{2150E333-8FDC-42A3-9474-1A3956D46DE8}") = "Presentation", "Presentation", "{6A296A56-2A5E-4F32-B65E-4608A7D516DF}"
EndProject
Project("{2150E333-8FDC-42A3-9474-1A3956D46DE8}") = "Service", "Service", "{03812E5E-74F8-4BEE-83EE-4F950E7DC95B}"
EndProject
Project("{9A19103F-16F7-4668-BE54-9A1E7A4F7556}") = "Domain", "Domain\Domain.csproj", "{D693501D-97F0-4474-94A1-F4E6F42FF48C}"
EndProject
Project("{9A19103F-16F7-4668-BE54-9A1E7A4F7556}") = "Repository", "Repository\Repository.csproj", "{33A907D1-967B-4B0D-A59F-ACB80124D1BF}"
EndProject
Project("{9A19103F-16F7-4668-BE54-9A1E7A4F7556}") = "Service.Contracts", "Service.Contracts\Service.Contracts.csproj", "{6CB8C120-04BC-4987-BD56-F113769B886F}"
EndProject
Project("{9A19103F-16F7-4668-BE54-9A1E7A4F7556}") = "Services", "Services\Services.csproj", "{6CF898F3-D2ED-441B-9CE0-9D0B4092A660}"
EndProject
Project("{9A19103F-16F7-4668-BE54-9A1E7A4F7556}") = "CompanyEmployees.Presentation", "CompanyEmployees.Presentation\CompanyEmployees.Presentation.csproj", "{9B260EBF-9916-48A6-9FD3-374D1A4A1141}"
EndProject
Project("{9A19103F-16F7-4668-BE54-9A1E7A4F7556}") = "Shared", "Shared\Shared.csproj", "{11DDD7E4-C17B-41BF-8F23-10B45E060E4C}"
EndProject
Project("{2150E333-8FDC-42A3-9474-1A3956D46DE8}") = "Contracts", "Contracts", "{74BEE8F9-6171-490A-B0F7-99D4B15F82F8}"
EndProject
Global
	GlobalSection(SolutionConfigurationPlatforms) = preSolution
		Debug|Any CPU = Debug|Any CPU
		Release|Any CPU = Release|Any CPU
	EndGlobalSection
	GlobalSection(ProjectConfigurationPlatforms) = postSolution
		{EC8076C5-A969-4A51-AB64-ADDFA9B67321}.Debug|Any CPU.ActiveCfg = Debug|Any CPU
		{EC8076C5-A969-4A51-AB64-ADDFA9B67321}.Debug|Any CPU.Build.0 = Debug|Any CPU
		{EC8076C5-A969-4A51-AB64-ADDFA9B67321}.Release|Any CPU.ActiveCfg = Release|Any CPU
		{EC8076C5-A969-4A51-AB64-ADDFA9B67321}.Release|Any CPU.Build.0 = Release|Any CPU
		{1DBD3637-8380-4F2F-8AAA-E78AA1CDBE1F}.Debug|Any CPU.ActiveCfg = Debug|Any CPU
		{1DBD3637-8380-4F2F-8AAA-E78AA1CDBE1F}.Debug|Any CPU.Build.0 = Debug|Any CPU
		{1DBD3637-8380-4F2F-8AAA-E78AA1CDBE1F}.Release|Any CPU.ActiveCfg = Release|Any CPU
		{1DBD3637-8380-4F2F-8AAA-E78AA1CDBE1F}.Release|Any CPU.Build.0 = Release|Any CPU
		{F954F723-7564-416D-9B8A-95953734D5DF}.Debug|Any CPU.ActiveCfg = Debug|Any CPU
		{F954F723-7564-416D-9B8A-95953734D5DF}.Debug|Any CPU.Build.0 = Debug|Any CPU
		{F954F723-7564-416D-9B8A-95953734D5DF}.Release|Any CPU.ActiveCfg = Release|Any CPU
		{F954F723-7564-416D-9B8A-95953734D5DF}.Release|Any CPU.Build.0 = Release|Any CPU
		{D693501D-97F0-4474-94A1-F4E6F42FF48C}.Debug|Any CPU.ActiveCfg = Debug|Any CPU
		{D693501D-97F0-4474-94A1-F4E6F42FF48C}.Debug|Any CPU.Build.0 = Debug|Any CPU
		{D693501D-97F0-4474-94A1-F4E6F42FF48C}.Release|Any CPU.ActiveCfg = Release|Any CPU
		{D693501D-97F0-4474-94A1-F4E6F42FF48C}.Release|Any CPU.Build.0 = Release|Any CPU
		{33A907D1-967B-4B0D-A59F-ACB80124D1BF}.Debug|Any CPU.ActiveCfg = Debug|Any CPU
		{33A907D1-967B-4B0D-A59F-ACB80124D1BF}.Debug|Any CPU.Build.0 = Debug|Any CPU
		{33A907D1-967B-4B0D-A59F-ACB80124D1BF}.Release|Any CPU.ActiveCfg = Release|Any CPU
		{33A907D1-967B-4B0D-A59F-ACB80124D1BF}.Release|Any CPU.Build.0 = Release|Any CPU
		{6CB8C120-04BC-4987-BD56-F113769B886F}.Debug|Any CPU.ActiveCfg = Debug|Any CPU
		{6CB8C120-04BC-4987-BD56-F113769B886F}.Debug|Any CPU.Build.0 = Debug|Any CPU
		{6CB8C120-04BC-4987-BD56-F113769B886F}.Release|Any CPU.ActiveCfg = Release|Any CPU
		{6CB8C120-04BC-4987-BD56-F113769B886F}.Release|Any CPU.Build.0 = Release|Any CPU
		{6CF898F3-D2ED-441B-9CE0-9D0B4092A660}.Debug|Any CPU.ActiveCfg = Debug|Any CPU
		{6CF898F3-D2ED-441B-9CE0-9D0B4092A660}.Debug|Any CPU.Build.0 = Debug|Any CPU
		{6CF898F3-D2ED-441B-9CE0-9D0B4092A660}.Release|Any CPU.ActiveCfg = Release|Any CPU
		{6CF898F3-D2ED-441B-9CE0-9D0B4092A660}.Release|Any CPU.Build.0 = Release|Any CPU
		{9B260EBF-9916-48A6-9FD3-374D1A4A1141}.Debug|Any CPU.ActiveCfg = Debug|Any CPU
		{9B260EBF-9916-48A6-9FD3-374D1A4A1141}.Debug|Any CPU.Build.0 = Debug|Any CPU
		{9B260EBF-9916-48A6-9FD3-374D1A4A1141}.Release|Any CPU.ActiveCfg = Release|Any CPU
		{9B260EBF-9916-48A6-9FD3-374D1A4A1141}.Release|Any CPU.Build.0 = Release|Any CPU
		{11DDD7E4-C17B-41BF-8F23-10B45E060E4C}.Debug|Any CPU.ActiveCfg = Debug|Any CPU
		{11DDD7E4-C17B-41BF-8F23-10B45E060E4C}.Debug|Any CPU.Build.0 = Debug|Any CPU
		{11DDD7E4-C17B-41BF-8F23-10B45E060E4C}.Release|Any CPU.ActiveCfg = Release|Any CPU
		{11DDD7E4-C17B-41BF-8F23-10B45E060E4C}.Release|Any CPU.Build.0 = Release|Any CPU
	EndGlobalSection
	GlobalSection(SolutionProperties) = preSolution
		HideSolutionNode = FALSE
	EndGlobalSection
	GlobalSection(NestedProjects) = preSolution
		{EC8076C5-A969-4A51-AB64-ADDFA9B67321} = {6A296A56-2A5E-4F32-B65E-4608A7D516DF}
		{1DBD3637-8380-4F2F-8AAA-E78AA1CDBE1F} = {74BEE8F9-6171-490A-B0F7-99D4B15F82F8}
		{F954F723-7564-416D-9B8A-95953734D5DF} = {03812E5E-74F8-4BEE-83EE-4F950E7DC95B}
		{D693501D-97F0-4474-94A1-F4E6F42FF48C} = {F362009C-CDFD-403F-A9F1-BF1793E8CC49}
		{33A907D1-967B-4B0D-A59F-ACB80124D1BF} = {15955C49-8207-4D71-A306-564F4C67B625}
		{6CB8C120-04BC-4987-BD56-F113769B886F} = {74BEE8F9-6171-490A-B0F7-99D4B15F82F8}
		{6CF898F3-D2ED-441B-9CE0-9D0B4092A660} = {03812E5E-74F8-4BEE-83EE-4F950E7DC95B}
		{9B260EBF-9916-48A6-9FD3-374D1A4A1141} = {6A296A56-2A5E-4F32-B65E-4608A7D516DF}
		{11DDD7E4-C17B-41BF-8F23-10B45E060E4C} = {F362009C-CDFD-403F-A9F1-BF1793E8CC49}
		{74BEE8F9-6171-490A-B0F7-99D4B15F82F8} = {F362009C-CDFD-403F-A9F1-BF1793E8CC49}
	EndGlobalSection
	GlobalSection(ExtensibilityGlobals) = postSolution
		SolutionGuid = {518A4CFA-1412-41FE-B499-656EFADD18D2}
	EndGlobalSection
EndGlobal
